github.com/a-h/templ v0.3.1020 h1:ypAT/L5ySWEnZ6Zft/5yfoWXYYkhFNvEFOeeqecg4tw=
github.com/a-h/templ v0.3.1020/go.mod h1:A2DlK61v+K+NRoGnhmYbNYVmtYHcFO5/AisMvBdDxTM=
github.com/gorilla/websocket v1.5.3 h1:saDtZ6Pbx/0u+bgYQ3q96pZgCzfhKXGPqt7kZ72aNNg=
github.com/gorilla/websocket v1.5.3/go.mod h1:YR8l580nyteQvAITg2hZ9XVh4b55+EU/adAjf1fMHhE=
github.com/labstack/echo/v5 v5.1.1 h1:4QkvKoS8ps5ch49t8b72QS9Z581ytgxhTzxuB/CBA2I=
github.com/labstack/echo/v5 v5.1.1/go.mod h1:SyvlSdObGjRXeQfCCXW/sybkZdOOQZBmpKF0bvALaeo=
